// !$*UTF8*$!
{
	archiveVersion = 1;
	classes = {
	};
	objectVersion = 55;
	objects = {

/* Begin PBXBuildFile section */
		0E7BFB737D5A6BE471E4D23D /* Pods_TwitterClone.framework in Frameworks */ = {isa = PBXBuildFile; fileRef = 248E14A8132AF62235CFDC65 /* Pods_TwitterClone.framework */; };
		9DAF52482A377FF4006969CB /* ActionSheetViewModel.swift in Sources */ = {isa = PBXBuildFile; fileRef = 9DAF52472A377FF4006969CB /* ActionSheetViewModel.swift */; };
		B909FE9C2A03081E00CFE62E /* ProfileController.swift in Sources */ = {isa = PBXBuildFile; fileRef = B909FE9B2A03081E00CFE62E /* ProfileController.swift */; };
		B909FE9E2A045D3F00CFE62E /* ProfileHeader.swift in Sources */ = {isa = PBXBuildFile; fileRef = B909FE9D2A045D3F00CFE62E /* ProfileHeader.swift */; };
		B917875F2A12AAF600A7C1EF /* UserCell.swift in Sources */ = {isa = PBXBuildFile; fileRef = B917875E2A12AAF600A7C1EF /* UserCell.swift */; };
		B91787612A16CB7200A7C1EF /* TweetController.swift in Sources */ = {isa = PBXBuildFile; fileRef = B91787602A16CB7200A7C1EF /* TweetController.swift */; };
		B91787632A1800E800A7C1EF /* TweetHeader.swift in Sources */ = {isa = PBXBuildFile; fileRef = B91787622A1800E800A7C1EF /* TweetHeader.swift */; };
		B961933929E4ACBC0015760B /* AppDelegate.swift in Sources */ = {isa = PBXBuildFile; fileRef = B961933829E4ACBC0015760B /* AppDelegate.swift */; };
		B961933B29E4ACBC0015760B /* SceneDelegate.swift in Sources */ = {isa = PBXBuildFile; fileRef = B961933A29E4ACBC0015760B /* SceneDelegate.swift */; };
		B961934029E4ACBC0015760B /* Main.storyboard in Resources */ = {isa = PBXBuildFile; fileRef = B961933E29E4ACBC0015760B /* Main.storyboard */; };
		B961934229E4ACBD0015760B /* Assets.xcassets in Resources */ = {isa = PBXBuildFile; fileRef = B961934129E4ACBD0015760B /* Assets.xcassets */; };
		B961934529E4ACBD0015760B /* LaunchScreen.storyboard in Resources */ = {isa = PBXBuildFile; fileRef = B961934329E4ACBD0015760B /* LaunchScreen.storyboard */; };
		B961935329E4AECC0015760B /* MainTabController.swift in Sources */ = {isa = PBXBuildFile; fileRef = B961935229E4AECC0015760B /* MainTabController.swift */; };
		B961935529E6226C0015760B /* FeedController.swift in Sources */ = {isa = PBXBuildFile; fileRef = B961935429E6226C0015760B /* FeedController.swift */; };
		B961935729E623100015760B /* ExploreController.swift in Sources */ = {isa = PBXBuildFile; fileRef = B961935629E623100015760B /* ExploreController.swift */; };
		B961935929E6232A0015760B /* NotificationsController.swift in Sources */ = {isa = PBXBuildFile; fileRef = B961935829E6232A0015760B /* NotificationsController.swift */; };
		B961935B29E623440015760B /* ConversationsController.swift in Sources */ = {isa = PBXBuildFile; fileRef = B961935A29E623440015760B /* ConversationsController.swift */; };
		B961935D29E879730015760B /* Extensions.swift in Sources */ = {isa = PBXBuildFile; fileRef = B961935C29E879730015760B /* Extensions.swift */; };
		B961936029E9EE320015760B /* LoginController.swift in Sources */ = {isa = PBXBuildFile; fileRef = B961935F29E9EE320015760B /* LoginController.swift */; };
		B961936229E9EECF0015760B /* RegistrationController.swift in Sources */ = {isa = PBXBuildFile; fileRef = B961936129E9EECF0015760B /* RegistrationController.swift */; };
		B9A6101829F8067600E31D3E /* UploadTweetController.swift in Sources */ = {isa = PBXBuildFile; fileRef = B9A6101729F8067600E31D3E /* UploadTweetController.swift */; };
		B9A6101A29F87E4300E31D3E /* CaptionTextView.swift in Sources */ = {isa = PBXBuildFile; fileRef = B9A6101929F87E4300E31D3E /* CaptionTextView.swift */; };
		B9A6101C29F88E8800E31D3E /* TweetService.swift in Sources */ = {isa = PBXBuildFile; fileRef = B9A6101B29F88E8800E31D3E /* TweetService.swift */; };
		B9A6101E29F9456100E31D3E /* Tweet.swift in Sources */ = {isa = PBXBuildFile; fileRef = B9A6101D29F9456100E31D3E /* Tweet.swift */; };
		B9A6102229F9C1C100E31D3E /* TweetCell.swift in Sources */ = {isa = PBXBuildFile; fileRef = B9A6102129F9C1C100E31D3E /* TweetCell.swift */; };
		B9A6102429FB2F1A00E31D3E /* TweetViewModel.swift in Sources */ = {isa = PBXBuildFile; fileRef = B9A6102329FB2F1A00E31D3E /* TweetViewModel.swift */; };
		B9B9D77C2A1EA65600B5C33E /* UploadTweetViewModel.swift in Sources */ = {isa = PBXBuildFile; fileRef = B9B9D77B2A1EA65600B5C33E /* UploadTweetViewModel.swift */; };
		B9BB833629F6F3D300ADA564 /* UserService.swift in Sources */ = {isa = PBXBuildFile; fileRef = B9BB833529F6F3D300ADA564 /* UserService.swift */; };
		B9BB833829F724B900ADA564 /* User.swift in Sources */ = {isa = PBXBuildFile; fileRef = B9BB833729F724B900ADA564 /* User.swift */; };
		B9C00AA12A098F4A00007451 /* ProfileFilterView.swift in Sources */ = {isa = PBXBuildFile; fileRef = B9C00AA02A098F4A00007451 /* ProfileFilterView.swift */; };
		B9C00AA32A09934C00007451 /* ProfileFilterCell.swift in Sources */ = {isa = PBXBuildFile; fileRef = B9C00AA22A09934C00007451 /* ProfileFilterCell.swift */; };
		B9D760F42A0AF3FF0015C8A1 /* ProfileHeaderViewModel.swift in Sources */ = {isa = PBXBuildFile; fileRef = B9D760F32A0AF3FF0015C8A1 /* ProfileHeaderViewModel.swift */; };
		B9E78BE629ED8411000262D1 /* Utilities.swift in Sources */ = {isa = PBXBuildFile; fileRef = B9E78BE529ED8411000262D1 /* Utilities.swift */; };
		B9E78BE829EF17C4000262D1 /* GoogleService-Info.plist in Resources */ = {isa = PBXBuildFile; fileRef = B9E78BE729EF17C4000262D1 /* GoogleService-Info.plist */; };
		B9E78BEA29F0109F000262D1 /* Constants.swift in Sources */ = {isa = PBXBuildFile; fileRef = B9E78BE929F0109F000262D1 /* Constants.swift */; };
		B9E78BEC29F08DC8000262D1 /* AuthService.swift in Sources */ = {isa = PBXBuildFile; fileRef = B9E78BEB29F08DC8000262D1 /* AuthService.swift */; };
		B9EC02C82A27DC3B00B12D57 /* ActionSheetLauncher.swift in Sources */ = {isa = PBXBuildFile; fileRef = B9EC02C72A27DC3B00B12D57 /* ActionSheetLauncher.swift */; };
		B9EC02CA2A29427500B12D57 /* ActionSheetCell.swift in Sources */ = {isa = PBXBuildFile; fileRef = B9EC02C92A29427500B12D57 /* ActionSheetCell.swift */; };
/* End PBXBuildFile section */

/* Begin PBXFileReference section */
		0B821CF2D6EC132E1EBCE490 /* Pods-TwitterClone.debug.xcconfig */ = {isa = PBXFileReference; includeInIndex = 1; lastKnownFileType = text.xcconfig; name = "Pods-TwitterClone.debug.xcconfig"; path = "Target Support Files/Pods-TwitterClone/Pods-TwitterClone.debug.xcconfig"; sourceTree = "<group>"; };
		248E14A8132AF62235CFDC65 /* Pods_TwitterClone.framework */ = {isa = PBXFileReference; explicitFileType = wrapper.framework; includeInIndex = 0; path = Pods_TwitterClone.framework; sourceTree = BUILT_PRODUCTS_DIR; };
		5921E73FC26EEC4C3ACFCF30 /* Pods-TwitterClone.release.xcconfig */ = {isa = PBXFileReference; includeInIndex = 1; lastKnownFileType = text.xcconfig; name = "Pods-TwitterClone.release.xcconfig"; path = "Target Support Files/Pods-TwitterClone/Pods-TwitterClone.release.xcconfig"; sourceTree = "<group>"; };
		9DAF52472A377FF4006969CB /* ActionSheetViewModel.swift */ = {isa = PBXFileReference; lastKnownFileType = sourcecode.swift; path = ActionSheetViewModel.swift; sourceTree = "<group>"; };
		B909FE9B2A03081E00CFE62E /* ProfileController.swift */ = {isa = PBXFileReference; lastKnownFileType = sourcecode.swift; path = ProfileController.swift; sourceTree = "<group>"; };
		B909FE9D2A045D3F00CFE62E /* ProfileHeader.swift */ = {isa = PBXFileReference; lastKnownFileType = sourcecode.swift; path = ProfileHeader.swift; sourceTree = "<group>"; };
		B917875E2A12AAF600A7C1EF /* UserCell.swift */ = {isa = PBXFileReference; lastKnownFileType = sourcecode.swift; path = UserCell.swift; sourceTree = "<group>"; };
		B91787602A16CB7200A7C1EF /* TweetController.swift */ = {isa = PBXFileReference; lastKnownFileType = sourcecode.swift; path = TweetController.swift; sourceTree = "<group>"; };
		B91787622A1800E800A7C1EF /* TweetHeader.swift */ = {isa = PBXFileReference; lastKnownFileType = sourcecode.swift; path = TweetHeader.swift; sourceTree = "<group>"; };
		B961933529E4ACBB0015760B /* TwitterClone.app */ = {isa = PBXFileReference; explicitFileType = wrapper.application; includeInIndex = 0; path = TwitterClone.app; sourceTree = BUILT_PRODUCTS_DIR; };
		B961933829E4ACBC0015760B /* AppDelegate.swift */ = {isa = PBXFileReference; lastKnownFileType = sourcecode.swift; path = AppDelegate.swift; sourceTree = "<group>"; };
		B961933A29E4ACBC0015760B /* SceneDelegate.swift */ = {isa = PBXFileReference; lastKnownFileType = sourcecode.swift; path = SceneDelegate.swift; sourceTree = "<group>"; };
		B961933F29E4ACBC0015760B /* Base */ = {isa = PBXFileReference; lastKnownFileType = file.storyboard; name = Base; path = Base.lproj/Main.storyboard; sourceTree = "<group>"; };
		B961934129E4ACBD0015760B /* Assets.xcassets */ = {isa = PBXFileReference; lastKnownFileType = folder.assetcatalog; path = Assets.xcassets; sourceTree = "<group>"; };
		B961934429E4ACBD0015760B /* Base */ = {isa = PBXFileReference; lastKnownFileType = file.storyboard; name = Base; path = Base.lproj/LaunchScreen.storyboard; sourceTree = "<group>"; };
		B961934629E4ACBD0015760B /* Info.plist */ = {isa = PBXFileReference; lastKnownFileType = text.plist.xml; path = Info.plist; sourceTree = "<group>"; };
		B961935229E4AECC0015760B /* MainTabController.swift */ = {isa = PBXFileReference; lastKnownFileType = sourcecode.swift; path = MainTabController.swift; sourceTree = "<group>"; };
		B961935429E6226C0015760B /* FeedController.swift */ = {isa = PBXFileReference; lastKnownFileType = sourcecode.swift; path = FeedController.swift; sourceTree = "<group>"; };
		B961935629E623100015760B /* ExploreController.swift */ = {isa = PBXFileReference; lastKnownFileType = sourcecode.swift; path = ExploreController.swift; sourceTree = "<group>"; };
		B961935829E6232A0015760B /* NotificationsController.swift */ = {isa = PBXFileReference; lastKnownFileType = sourcecode.swift; path = NotificationsController.swift; sourceTree = "<group>"; };
		B961935A29E623440015760B /* ConversationsController.swift */ = {isa = PBXFileReference; lastKnownFileType = sourcecode.swift; path = ConversationsController.swift; sourceTree = "<group>"; };
		B961935C29E879730015760B /* Extensions.swift */ = {isa = PBXFileReference; lastKnownFileType = sourcecode.swift; path = Extensions.swift; sourceTree = "<group>"; };
		B961935F29E9EE320015760B /* LoginController.swift */ = {isa = PBXFileReference; lastKnownFileType = sourcecode.swift; path = LoginController.swift; sourceTree = "<group>"; };
		B961936129E9EECF0015760B /* RegistrationController.swift */ = {isa = PBXFileReference; lastKnownFileType = sourcecode.swift; path = RegistrationController.swift; sourceTree = "<group>"; };
		B9A6101729F8067600E31D3E /* UploadTweetController.swift */ = {isa = PBXFileReference; lastKnownFileType = sourcecode.swift; path = UploadTweetController.swift; sourceTree = "<group>"; };
		B9A6101929F87E4300E31D3E /* CaptionTextView.swift */ = {isa = PBXFileReference; lastKnownFileType = sourcecode.swift; path = CaptionTextView.swift; sourceTree = "<group>"; };
		B9A6101B29F88E8800E31D3E /* TweetService.swift */ = {isa = PBXFileReference; lastKnownFileType = sourcecode.swift; path = TweetService.swift; sourceTree = "<group>"; };
		B9A6101D29F9456100E31D3E /* Tweet.swift */ = {isa = PBXFileReference; lastKnownFileType = sourcecode.swift; path = Tweet.swift; sourceTree = "<group>"; };
		B9A6102129F9C1C100E31D3E /* TweetCell.swift */ = {isa = PBXFileReference; lastKnownFileType = sourcecode.swift; path = TweetCell.swift; sourceTree = "<group>"; };
		B9A6102329FB2F1A00E31D3E /* TweetViewModel.swift */ = {isa = PBXFileReference; lastKnownFileType = sourcecode.swift; path = TweetViewModel.swift; sourceTree = "<group>"; };
		B9B9D77B2A1EA65600B5C33E /* UploadTweetViewModel.swift */ = {isa = PBXFileReference; lastKnownFileType = sourcecode.swift; path = UploadTweetViewModel.swift; sourceTree = "<group>"; };
		B9BB833529F6F3D300ADA564 /* UserService.swift */ = {isa = PBXFileReference; lastKnownFileType = sourcecode.swift; path = UserService.swift; sourceTree = "<group>"; };
		B9BB833729F724B900ADA564 /* User.swift */ = {isa = PBXFileReference; lastKnownFileType = sourcecode.swift; path = User.swift; sourceTree = "<group>"; };
		B9C00AA02A098F4A00007451 /* ProfileFilterView.swift */ = {isa = PBXFileReference; lastKnownFileType = sourcecode.swift; path = ProfileFilterView.swift; sourceTree = "<group>"; };
		B9C00AA22A09934C00007451 /* ProfileFilterCell.swift */ = {isa = PBXFileReference; lastKnownFileType = sourcecode.swift; path = ProfileFilterCell.swift; sourceTree = "<group>"; };
		B9D760F32A0AF3FF0015C8A1 /* ProfileHeaderViewModel.swift */ = {isa = PBXFileReference; lastKnownFileType = sourcecode.swift; path = ProfileHeaderViewModel.swift; sourceTree = "<group>"; };
		B9E78BE529ED8411000262D1 /* Utilities.swift */ = {isa = PBXFileReference; lastKnownFileType = sourcecode.swift; path = Utilities.swift; sourceTree = "<group>"; };
		B9E78BE729EF17C4000262D1 /* GoogleService-Info.plist */ = {isa = PBXFileReference; lastKnownFileType = text.plist; path = "GoogleService-Info.plist"; sourceTree = SOURCE_ROOT; };
		B9E78BE929F0109F000262D1 /* Constants.swift */ = {isa = PBXFileReference; lastKnownFileType = sourcecode.swift; path = Constants.swift; sourceTree = "<group>"; };
		B9E78BEB29F08DC8000262D1 /* AuthService.swift */ = {isa = PBXFileReference; lastKnownFileType = sourcecode.swift; path = AuthService.swift; sourceTree = "<group>"; };
		B9EC02C72A27DC3B00B12D57 /* ActionSheetLauncher.swift */ = {isa = PBXFileReference; lastKnownFileType = sourcecode.swift; path = ActionSheetLauncher.swift; sourceTree = "<group>"; };
		B9EC02C92A29427500B12D57 /* ActionSheetCell.swift */ = {isa = PBXFileReference; lastKnownFileType = sourcecode.swift; path = ActionSheetCell.swift; sourceTree = "<group>"; };
/* End PBXFileReference section */

/* Begin PBXFrameworksBuildPhase section */
		B961933229E4ACBB0015760B /* Frameworks */ = {
			isa = PBXFrameworksBuildPhase;
			buildActionMask = 2147483647;
			files = (
				0E7BFB737D5A6BE471E4D23D /* Pods_TwitterClone.framework in Frameworks */,
			);
			runOnlyForDeploymentPostprocessing = 0;
		};
/* End PBXFrameworksBuildPhase section */

/* Begin PBXGroup section */
		0FCA160CBF3A478FE8B4CEED /* Pods */ = {
			isa = PBXGroup;
			children = (
				0B821CF2D6EC132E1EBCE490 /* Pods-TwitterClone.debug.xcconfig */,
				5921E73FC26EEC4C3ACFCF30 /* Pods-TwitterClone.release.xcconfig */,
			);
			path = Pods;
			sourceTree = "<group>";
		};
		B961932C29E4ACBB0015760B = {
			isa = PBXGroup;
			children = (
				B961933729E4ACBB0015760B /* TwitterClone */,
				B961933629E4ACBB0015760B /* Products */,
				0FCA160CBF3A478FE8B4CEED /* Pods */,
				EC84D6DA554636A6813E957C /* Frameworks */,
			);
			sourceTree = "<group>";
		};
		B961933629E4ACBB0015760B /* Products */ = {
			isa = PBXGroup;
			children = (
				B961933529E4ACBB0015760B /* TwitterClone.app */,
			);
			name = Products;
			sourceTree = "<group>";
		};
		B961933729E4ACBB0015760B /* TwitterClone */ = {
			isa = PBXGroup;
			children = (
				B961935129E4AD540015760B /* Model */,
				B961935029E4AD4E0015760B /* View */,
				B961934F29E4AD450015760B /* ViewModel */,
				B961934E29E4AD420015760B /* Controller */,
				B961934D29E4AD3F0015760B /* API */,
				B961934C29E4AD3D0015760B /* Utils */,
				B961933829E4ACBC0015760B /* AppDelegate.swift */,
				B961933A29E4ACBC0015760B /* SceneDelegate.swift */,
				B961933E29E4ACBC0015760B /* Main.storyboard */,
				B961934129E4ACBD0015760B /* Assets.xcassets */,
				B961934329E4ACBD0015760B /* LaunchScreen.storyboard */,
				B961934629E4ACBD0015760B /* Info.plist */,
				B9E78BE729EF17C4000262D1 /* GoogleService-Info.plist */,
			);
			path = TwitterClone;
			sourceTree = "<group>";
		};
		B961934C29E4AD3D0015760B /* Utils */ = {
			isa = PBXGroup;
			children = (
				B961935C29E879730015760B /* Extensions.swift */,
				B9E78BE529ED8411000262D1 /* Utilities.swift */,
				B9E78BE929F0109F000262D1 /* Constants.swift */,
				B9EC02C72A27DC3B00B12D57 /* ActionSheetLauncher.swift */,
			);
			path = Utils;
			sourceTree = "<group>";
		};
		B961934D29E4AD3F0015760B /* API */ = {
			isa = PBXGroup;
			children = (
				B9E78BEB29F08DC8000262D1 /* AuthService.swift */,
				B9BB833529F6F3D300ADA564 /* UserService.swift */,
				B9A6101B29F88E8800E31D3E /* TweetService.swift */,
			);
			path = API;
			sourceTree = "<group>";
		};
		B961934E29E4AD420015760B /* Controller */ = {
			isa = PBXGroup;
			children = (
				B961935E29E9EE180015760B /* Authentication */,
				B961935229E4AECC0015760B /* MainTabController.swift */,
				B961935429E6226C0015760B /* FeedController.swift */,
				B961935629E623100015760B /* ExploreController.swift */,
				B961935829E6232A0015760B /* NotificationsController.swift */,
				B961935A29E623440015760B /* ConversationsController.swift */,
				B9A6101729F8067600E31D3E /* UploadTweetController.swift */,
				B909FE9B2A03081E00CFE62E /* ProfileController.swift */,
				B91787602A16CB7200A7C1EF /* TweetController.swift */,
			);
			path = Controller;
			sourceTree = "<group>";
		};
		B961934F29E4AD450015760B /* ViewModel */ = {
			isa = PBXGroup;
			children = (
				B9A6102329FB2F1A00E31D3E /* TweetViewModel.swift */,
				B9D760F32A0AF3FF0015C8A1 /* ProfileHeaderViewModel.swift */,
				B9B9D77B2A1EA65600B5C33E /* UploadTweetViewModel.swift */,
				9DAF52472A377FF4006969CB /* ActionSheetViewModel.swift */,
			);
			path = ViewModel;
			sourceTree = "<group>";
		};
		B961935029E4AD4E0015760B /* View */ = {
			isa = PBXGroup;
			children = (
				B9A6101929F87E4300E31D3E /* CaptionTextView.swift */,
				B9A6102129F9C1C100E31D3E /* TweetCell.swift */,
				B909FE9D2A045D3F00CFE62E /* ProfileHeader.swift */,
				B9C00AA02A098F4A00007451 /* ProfileFilterView.swift */,
				B9C00AA22A09934C00007451 /* ProfileFilterCell.swift */,
				B917875E2A12AAF600A7C1EF /* UserCell.swift */,
				B91787622A1800E800A7C1EF /* TweetHeader.swift */,
				B9EC02C92A29427500B12D57 /* ActionSheetCell.swift */,
			);
			path = View;
			sourceTree = "<group>";
		};
		B961935129E4AD540015760B /* Model */ = {
			isa = PBXGroup;
			children = (
				B9BB833729F724B900ADA564 /* User.swift */,
				B9A6101D29F9456100E31D3E /* Tweet.swift */,
			);
			path = Model;
			sourceTree = "<group>";
		};
		B961935E29E9EE180015760B /* Authentication */ = {
			isa = PBXGroup;
			children = (
				B961935F29E9EE320015760B /* LoginController.swift */,
				B961936129E9EECF0015760B /* RegistrationController.swift */,
			);
			path = Authentication;
			sourceTree = "<group>";
		};
		EC84D6DA554636A6813E957C /* Frameworks */ = {
			isa = PBXGroup;
			children = (
				248E14A8132AF62235CFDC65 /* Pods_TwitterClone.framework */,
			);
			name = Frameworks;
			sourceTree = "<group>";
		};
/* End PBXGroup section */

/* Begin PBXNativeTarget section */
		B961933429E4ACBB0015760B /* TwitterClone */ = {
			isa = PBXNativeTarget;
			buildConfigurationList = B961934929E4ACBD0015760B /* Build configuration list for PBXNativeTarget "TwitterClone" */;
			buildPhases = (
				6EDBBBCFC1B1A1B2E594AA96 /* [CP] Check Pods Manifest.lock */,
				B961933129E4ACBB0015760B /* Sources */,
				B961933229E4ACBB0015760B /* Frameworks */,
				B961933329E4ACBB0015760B /* Resources */,
				BFBE5048618FC3F1F948BD8B /* [CP] Embed Pods Frameworks */,
			);
			buildRules = (
			);
			dependencies = (
			);
			name = TwitterClone;
			productName = TwitterClone;
			productReference = B961933529E4ACBB0015760B /* TwitterClone.app */;
			productType = "com.apple.product-type.application";
		};
/* End PBXNativeTarget section */

/* Begin PBXProject section */
		B961932D29E4ACBB0015760B /* Project object */ = {
			isa = PBXProject;
			attributes = {
				BuildIndependentTargetsInParallel = 1;
				LastSwiftUpdateCheck = 1340;
				LastUpgradeCheck = 1340;
				TargetAttributes = {
					B961933429E4ACBB0015760B = {
						CreatedOnToolsVersion = 13.4.1;
					};
				};
			};
			buildConfigurationList = B961933029E4ACBB0015760B /* Build configuration list for PBXProject "TwitterClone" */;
			compatibilityVersion = "Xcode 13.0";
			developmentRegion = en;
			hasScannedForEncodings = 0;
			knownRegions = (
				en,
				Base,
			);
			mainGroup = B961932C29E4ACBB0015760B;
			productRefGroup = B961933629E4ACBB0015760B /* Products */;
			projectDirPath = "";
			projectRoot = "";
			targets = (
				B961933429E4ACBB0015760B /* TwitterClone */,
			);
		};
/* End PBXProject section */

/* Begin PBXResourcesBuildPhase section */
		B961933329E4ACBB0015760B /* Resources */ = {
			isa = PBXResourcesBuildPhase;
			buildActionMask = 2147483647;
			files = (
				B961934529E4ACBD0015760B /* LaunchScreen.storyboard in Resources */,
				B9E78BE829EF17C4000262D1 /* GoogleService-Info.plist in Resources */,
				B961934229E4ACBD0015760B /* Assets.xcassets in Resources */,
				B961934029E4ACBC0015760B /* Main.storyboard in Resources */,
			);
			runOnlyForDeploymentPostprocessing = 0;
		};
/* End PBXResourcesBuildPhase section */

/* Begin PBXShellScriptBuildPhase section */
		6EDBBBCFC1B1A1B2E594AA96 /* [CP] Check Pods Manifest.lock */ = {
			isa = PBXShellScriptBuildPhase;
			buildActionMask = 2147483647;
			files = (
			);
			inputFileListPaths = (
			);
			inputPaths = (
				"${PODS_PODFILE_DIR_PATH}/Podfile.lock",
				"${PODS_ROOT}/Manifest.lock",
			);
			name = "[CP] Check Pods Manifest.lock";
			outputFileListPaths = (
			);
			outputPaths = (
				"$(DERIVED_FILE_DIR)/Pods-TwitterClone-checkManifestLockResult.txt",
			);
			runOnlyForDeploymentPostprocessing = 0;
			shellPath = /bin/sh;
			shellScript = "diff \"${PODS_PODFILE_DIR_PATH}/Podfile.lock\" \"${PODS_ROOT}/Manifest.lock\" > /dev/null\nif [ $? != 0 ] ; then\n    # print error to STDERR\n    echo \"error: The sandbox is not in sync with the Podfile.lock. Run 'pod install' or update your CocoaPods installation.\" >&2\n    exit 1\nfi\n# This output is used by Xcode 'outputs' to avoid re-running this script phase.\necho \"SUCCESS\" > \"${SCRIPT_OUTPUT_FILE_0}\"\n";
			showEnvVarsInLog = 0;
		};
		BFBE5048618FC3F1F948BD8B /* [CP] Embed Pods Frameworks */ = {
			isa = PBXShellScriptBuildPhase;
			buildActionMask = 2147483647;
			files = (
			);
			inputFileListPaths = (
				"${PODS_ROOT}/Target Support Files/Pods-TwitterClone/Pods-TwitterClone-frameworks-${CONFIGURATION}-input-files.xcfilelist",
			);
			name = "[CP] Embed Pods Frameworks";
			outputFileListPaths = (
				"${PODS_ROOT}/Target Support Files/Pods-TwitterClone/Pods-TwitterClone-frameworks-${CONFIGURATION}-output-files.xcfilelist",
			);
			runOnlyForDeploymentPostprocessing = 0;
			shellPath = /bin/sh;
			shellScript = "\"${PODS_ROOT}/Target Support Files/Pods-TwitterClone/Pods-TwitterClone-frameworks.sh\"\n";
			showEnvVarsInLog = 0;
		};
/* End PBXShellScriptBuildPhase section */

/* Begin PBXSourcesBuildPhase section */
		B961933129E4ACBB0015760B /* Sources */ = {
			isa = PBXSourcesBuildPhase;
			buildActionMask = 2147483647;
			files = (
				B9BB833629F6F3D300ADA564 /* UserService.swift in Sources */,
				B961935929E6232A0015760B /* NotificationsController.swift in Sources */,
				B9A6101A29F87E4300E31D3E /* CaptionTextView.swift in Sources */,
				B9C00AA32A09934C00007451 /* ProfileFilterCell.swift in Sources */,
				B961935B29E623440015760B /* ConversationsController.swift in Sources */,
				B917875F2A12AAF600A7C1EF /* UserCell.swift in Sources */,
				B9E78BE629ED8411000262D1 /* Utilities.swift in Sources */,
				B9EC02CA2A29427500B12D57 /* ActionSheetCell.swift in Sources */,
				B961933929E4ACBC0015760B /* AppDelegate.swift in Sources */,
				B961935D29E879730015760B /* Extensions.swift in Sources */,
				B91787612A16CB7200A7C1EF /* TweetController.swift in Sources */,
				B909FE9C2A03081E00CFE62E /* ProfileController.swift in Sources */,
				B9B9D77C2A1EA65600B5C33E /* UploadTweetViewModel.swift in Sources */,
				B909FE9E2A045D3F00CFE62E /* ProfileHeader.swift in Sources */,
				B9A6102229F9C1C100E31D3E /* TweetCell.swift in Sources */,
				B961936029E9EE320015760B /* LoginController.swift in Sources */,
				B9E78BEC29F08DC8000262D1 /* AuthService.swift in Sources */,
				B9A6101829F8067600E31D3E /* UploadTweetController.swift in Sources */,
				B9BB833829F724B900ADA564 /* User.swift in Sources */,
				B961935729E623100015760B /* ExploreController.swift in Sources */,
				B9D760F42A0AF3FF0015C8A1 /* ProfileHeaderViewModel.swift in Sources */,
				B961933B29E4ACBC0015760B /* SceneDelegate.swift in Sources */,
				B961935329E4AECC0015760B /* MainTabController.swift in Sources */,
				B91787632A1800E800A7C1EF /* TweetHeader.swift in Sources */,
				B9A6102429FB2F1A00E31D3E /* TweetViewModel.swift in Sources */,
				9DAF52482A377FF4006969CB /* ActionSheetViewModel.swift in Sources */,
				B961936229E9EECF0015760B /* RegistrationController.swift in Sources */,
				B961935529E6226C0015760B /* FeedController.swift in Sources */,
				B9C00AA12A098F4A00007451 /* ProfileFilterView.swift in Sources */,
				B9E78BEA29F0109F000262D1 /* Constants.swift in Sources */,
				B9EC02C82A27DC3B00B12D57 /* ActionSheetLauncher.swift in Sources */,
				B9A6101E29F9456100E31D3E /* Tweet.swift in Sources */,
				B9A6101C29F88E8800E31D3E /* TweetService.swift in Sources */,
			);
			runOnlyForDeploymentPostprocessing = 0;
		};
/* End PBXSourcesBuildPhase section */

/* Begin PBXVariantGroup section */
		B961933E29E4ACBC0015760B /* Main.storyboard */ = {
			isa = PBXVariantGroup;
			children = (
				B961933F29E4ACBC0015760B /* Base */,
			);
			name = Main.storyboard;
			sourceTree = "<group>";
		};
		B961934329E4ACBD0015760B /* LaunchScreen.storyboard */ = {
			isa = PBXVariantGroup;
			children = (
				B961934429E4ACBD0015760B /* Base */,
			);
			name = LaunchScreen.storyboard;
			sourceTree = "<group>";
		};
/* End PBXVariantGroup section */

/* Begin XCBuildConfiguration section */
		B961934729E4ACBD0015760B /* Debug */ = {
			isa = XCBuildConfiguration;
			buildSettings = {
				ALWAYS_SEARCH_USER_PATHS = NO;
				CLANG_ANALYZER_NONNULL = YES;
				CLANG_ANALYZER_NUMBER_OBJECT_CONVERSION = YES_AGGRESSIVE;
				CLANG_CXX_LANGUAGE_STANDARD = "gnu++17";
				CLANG_ENABLE_MODULES = YES;
				CLANG_ENABLE_OBJC_ARC = YES;
				CLANG_ENABLE_OBJC_WEAK = YES;
				CLANG_WARN_BLOCK_CAPTURE_AUTORELEASING = YES;
				CLANG_WARN_BOOL_CONVERSION = YES;
				CLANG_WARN_COMMA = YES;
				CLANG_WARN_CONSTANT_CONVERSION = YES;
				CLANG_WARN_DEPRECATED_OBJC_IMPLEMENTATIONS = YES;
				CLANG_WARN_DIRECT_OBJC_ISA_USAGE = YES_ERROR;
				CLANG_WARN_DOCUMENTATION_COMMENTS = YES;
				CLANG_WARN_EMPTY_BODY = YES;
				CLANG_WARN_ENUM_CONVERSION = YES;
				CLANG_WARN_INFINITE_RECURSION = YES;
				CLANG_WARN_INT_CONVERSION = YES;
				CLANG_WARN_NON_LITERAL_NULL_CONVERSION = YES;
				CLANG_WARN_OBJC_IMPLICIT_RETAIN_SELF = YES;
				CLANG_WARN_OBJC_LITERAL_CONVERSION = YES;
				CLANG_WARN_OBJC_ROOT_CLASS = YES_ERROR;
				CLANG_WARN_QUOTED_INCLUDE_IN_FRAMEWORK_HEADER = YES;
				CLANG_WARN_RANGE_LOOP_ANALYSIS = YES;
				CLANG_WARN_STRICT_PROTOTYPES = YES;
				CLANG_WARN_SUSPICIOUS_MOVE = YES;
				CLANG_WARN_UNGUARDED_AVAILABILITY = YES_AGGRESSIVE;
				CLANG_WARN_UNREACHABLE_CODE = YES;
				CLANG_WARN__DUPLICATE_METHOD_MATCH = YES;
				COPY_PHASE_STRIP = NO;
				DEBUG_INFORMATION_FORMAT = dwarf;
				ENABLE_STRICT_OBJC_MSGSEND = YES;
				ENABLE_TESTABILITY = YES;
				GCC_C_LANGUAGE_STANDARD = gnu11;
				GCC_DYNAMIC_NO_PIC = NO;
				GCC_NO_COMMON_BLOCKS = YES;
				GCC_OPTIMIZATION_LEVEL = 0;
				GCC_PREPROCESSOR_DEFINITIONS = (
					"DEBUG=1",
					"$(inherited)",
				);
				GCC_WARN_64_TO_32_BIT_CONVERSION = YES;
				GCC_WARN_ABOUT_RETURN_TYPE = YES_ERROR;
				GCC_WARN_UNDECLARED_SELECTOR = YES;
				GCC_WARN_UNINITIALIZED_AUTOS = YES_AGGRESSIVE;
				GCC_WARN_UNUSED_FUNCTION = YES;
				GCC_WARN_UNUSED_VARIABLE = YES;
				IPHONEOS_DEPLOYMENT_TARGET = 15.5;
				MTL_ENABLE_DEBUG_INFO = INCLUDE_SOURCE;
				MTL_FAST_MATH = YES;
				ONLY_ACTIVE_ARCH = YES;
				SDKROOT = iphoneos;
				SWIFT_ACTIVE_COMPILATION_CONDITIONS = DEBUG;
				SWIFT_OPTIMIZATION_LEVEL = "-Onone";
			};
			name = Debug;
		};
		B961934829E4ACBD0015760B /* Release */ = {
			isa = XCBuildConfiguration;
			buildSettings = {
				ALWAYS_SEARCH_USER_PATHS = NO;
				CLANG_ANALYZER_NONNULL = YES;
				CLANG_ANALYZER_NUMBER_OBJECT_CONVERSION = YES_AGGRESSIVE;
				CLANG_CXX_LANGUAGE_STANDARD = "gnu++17";
				CLANG_ENABLE_MODULES = YES;
				CLANG_ENABLE_OBJC_ARC = YES;
				CLANG_ENABLE_OBJC_WEAK = YES;
				CLANG_WARN_BLOCK_CAPTURE_AUTORELEASING = YES;
				CLANG_WARN_BOOL_CONVERSION = YES;
				CLANG_WARN_COMMA = YES;
				CLANG_WARN_CONSTANT_CONVERSION = YES;
				CLANG_WARN_DEPRECATED_OBJC_IMPLEMENTATIONS = YES;
				CLANG_WARN_DIRECT_OBJC_ISA_USAGE = YES_ERROR;
				CLANG_WARN_DOCUMENTATION_COMMENTS = YES;
				CLANG_WARN_EMPTY_BODY = YES;
				CLANG_WARN_ENUM_CONVERSION = YES;
				CLANG_WARN_INFINITE_RECURSION = YES;
				CLANG_WARN_INT_CONVERSION = YES;
				CLANG_WARN_NON_LITERAL_NULL_CONVERSION = YES;
				CLANG_WARN_OBJC_IMPLICIT_RETAIN_SELF = YES;
				CLANG_WARN_OBJC_LITERAL_CONVERSION = YES;
				CLANG_WARN_OBJC_ROOT_CLASS = YES_ERROR;
				CLANG_WARN_QUOTED_INCLUDE_IN_FRAMEWORK_HEADER = YES;
				CLANG_WARN_RANGE_LOOP_ANALYSIS = YES;
				CLANG_WARN_STRICT_PROTOTYPES = YES;
				CLANG_WARN_SUSPICIOUS_MOVE = YES;
				CLANG_WARN_UNGUARDED_AVAILABILITY = YES_AGGRESSIVE;
				CLANG_WARN_UNREACHABLE_CODE = YES;
				CLANG_WARN__DUPLICATE_METHOD_MATCH = YES;
				COPY_PHASE_STRIP = NO;
				DEBUG_INFORMATION_FORMAT = "dwarf-with-dsym";
				ENABLE_NS_ASSERTIONS = NO;
				ENABLE_STRICT_OBJC_MSGSEND = YES;
				GCC_C_LANGUAGE_STANDARD = gnu11;
				GCC_NO_COMMON_BLOCKS = YES;
				GCC_WARN_64_TO_32_BIT_CONVERSION = YES;
				GCC_WARN_ABOUT_RETURN_TYPE = YES_ERROR;
				GCC_WARN_UNDECLARED_SELECTOR = YES;
				GCC_WARN_UNINITIALIZED_AUTOS = YES_AGGRESSIVE;
				GCC_WARN_UNUSED_FUNCTION = YES;
				GCC_WARN_UNUSED_VARIABLE = YES;
				IPHONEOS_DEPLOYMENT_TARGET = 15.5;
				MTL_ENABLE_DEBUG_INFO = NO;
				MTL_FAST_MATH = YES;
				SDKROOT = iphoneos;
				SWIFT_COMPILATION_MODE = wholemodule;
				SWIFT_OPTIMIZATION_LEVEL = "-O";
				VALIDATE_PRODUCT = YES;
			};
			name = Release;
		};
		B961934A29E4ACBD0015760B /* Debug */ = {
			isa = XCBuildConfiguration;
			baseConfigurationReference = 0B821CF2D6EC132E1EBCE490 /* Pods-TwitterClone.debug.xcconfig */;
			buildSettings = {
				ASSETCATALOG_COMPILER_APPICON_NAME = AppIcon;
				ASSETCATALOG_COMPILER_GLOBAL_ACCENT_COLOR_NAME = AccentColor;
				CODE_SIGN_STYLE = Automatic;
				CURRENT_PROJECT_VERSION = 1;
				DEVELOPMENT_TEAM = 937VY4WKQX;
				GENERATE_INFOPLIST_FILE = YES;
				INFOPLIST_FILE = TwitterClone/Info.plist;
				INFOPLIST_KEY_UIApplicationSupportsIndirectInputEvents = YES;
				INFOPLIST_KEY_UILaunchStoryboardName = LaunchScreen;
				INFOPLIST_KEY_UIMainStoryboardFile = Main;
				INFOPLIST_KEY_UISupportedInterfaceOrientations_iPad = "UIInterfaceOrientationPortrait UIInterfaceOrientationPortraitUpsideDown UIInterfaceOrientationLandscapeLeft UIInterfaceOrientationLandscapeRight";
				INFOPLIST_KEY_UISupportedInterfaceOrientations_iPhone = "UIInterfaceOrientationPortrait UIInterfaceOrientationLandscapeLeft UIInterfaceOrientationLandscapeRight";
				LD_RUNPATH_SEARCH_PATHS = (
					"$(inherited)",
					"@executable_path/Frameworks",
				);
				MARKETING_VERSION = 1.0;
				PRODUCT_BUNDLE_IDENTIFIER = com.marcoskoch.TwitterClone;
				PRODUCT_NAME = "$(TARGET_NAME)";
				SWIFT_EMIT_LOC_STRINGS = YES;
				SWIFT_VERSION = 5.0;
				TARGETED_DEVICE_FAMILY = "1,2";
			};
			name = Debug;
		};
		B961934B29E4ACBD0015760B /* Release */ = {
			isa = XCBuildConfiguration;
			baseConfigurationReference = 5921E73FC26EEC4C3ACFCF30 /* Pods-TwitterClone.release.xcconfig */;
			buildSettings = {
				ASSETCATALOG_COMPILER_APPICON_NAME = AppIcon;
				ASSETCATALOG_COMPILER_GLOBAL_ACCENT_COLOR_NAME = AccentColor;
				CODE_SIGN_STYLE = Automatic;
				CURRENT_PROJECT_VERSION = 1;
				DEVELOPMENT_TEAM = 937VY4WKQX;
				GENERATE_INFOPLIST_FILE = YES;
				INFOPLIST_FILE = TwitterClone/Info.plist;
				INFOPLIST_KEY_UIApplicationSupportsIndirectInputEvents = YES;
				INFOPLIST_KEY_UILaunchStoryboardName = LaunchScreen;
				INFOPLIST_KEY_UIMainStoryboardFile = Main;
				INFOPLIST_KEY_UISupportedInterfaceOrientations_iPad = "UIInterfaceOrientationPortrait UIInterfaceOrientationPortraitUpsideDown UIInterfaceOrientationLandscapeLeft UIInterfaceOrientationLandscapeRight";
				INFOPLIST_KEY_UISupportedInterfaceOrientations_iPhone = "UIInterfaceOrientationPortrait UIInterfaceOrientationLandscapeLeft UIInterfaceOrientationLandscapeRight";
				LD_RUNPATH_SEARCH_PATHS = (
					"$(inherited)",
					"@executable_path/Frameworks",
				);
				MARKETING_VERSION = 1.0;
				PRODUCT_BUNDLE_IDENTIFIER = com.marcoskoch.TwitterClone;
				PRODUCT_NAME = "$(TARGET_NAME)";
				SWIFT_EMIT_LOC_STRINGS = YES;
				SWIFT_VERSION = 5.0;
				TARGETED_DEVICE_FAMILY = "1,2";
			};
			name = Release;
		};
/* End XCBuildConfiguration section */

/* Begin XCConfigurationList section */
		B961933029E4ACBB0015760B /* Build configuration list for PBXProject "TwitterClone" */ = {
			isa = XCConfigurationList;
			buildConfigurations = (
				B961934729E4ACBD0015760B /* Debug */,
				B961934829E4ACBD0015760B /* Release */,
			);
			defaultConfigurationIsVisible = 0;
			defaultConfigurationName = Release;
		};
		B961934929E4ACBD0015760B /* Build configuration list for PBXNativeTarget "TwitterClone" */ = {
			isa = XCConfigurationList;
			buildConfigurations = (
				B961934A29E4ACBD0015760B /* Debug */,
				B961934B29E4ACBD0015760B /* Release */,
			);
			defaultConfigurationIsVisible = 0;
			defaultConfigurationName = Release;
		};
/* End XCConfigurationList section */
	};
	rootObject = B961932D29E4ACBB0015760B /* Project object */;
}
